{
    "_readme": [
        "This file locks the dependencies of your project to a known state",
        "Read more about it at https://getcomposer.org/doc/01-basic-usage.md#installing-dependencies",
        "This file is @generated automatically"
    ],
    "content-hash": "cf3576df7b524939e19359ee338f684b",
    "packages": [
        {
            "name": "curl/curl",
            "version": "2.2.0",
            "source": {
                "type": "git",
                "url": "https://github.com/php-mod/curl.git",
                "reference": "d22086dd2eee5ca02e4c29b9a5bdf3645bfdbbff"
            },
            "dist": {
                "type": "zip",
                "url": "https://api.github.com/repos/php-mod/curl/zipball/d22086dd2eee5ca02e4c29b9a5bdf3645bfdbbff",
                "reference": "d22086dd2eee5ca02e4c29b9a5bdf3645bfdbbff",
                "shasum": ""
            },
            "require": {
                "ext-curl": "*",
                "php": "^5.6 | ^7.0"
            },
            "require-dev": {
                "phpunit/phpunit": "^5.7",
                "squizlabs/php_codesniffer": "~2.1"
            },
            "type": "library",
            "autoload": {
                "psr-0": {
                    "Curl": "src/"
                }
            },
            "notification-url": "https://packagist.org/downloads/",
            "license": [
                "MIT"
            ],
            "authors": [
                {
                    "name": "Hassan Amouhzi",
                    "email": "hassan@anezi.net",
                    "homepage": "http://hassan.amouhzi.com"
                },
                {
                    "name": "php-curl-class",
                    "homepage": "https://github.com/php-curl-class"
                },
                {
                    "name": "user52",
                    "homepage": "https://github.com/user52"
                }
            ],
            "description": "cURL class for PHP",
            "homepage": "https://github.com/php-mod/curl",
            "keywords": [
                "curl",
                "dot"
            ],
            "time": "2018-12-04T19:47:03+00:00"
        },
        {
            "name": "topthink/think-cache",
            "version": "v1.1",
            "source": {
                "type": "git",
                "url": "https://github.com/top-think/think-cache.git",
                "reference": "f7f2cb46270cc1951bb847ae756af11763e83d5e"
            },
            "dist": {
                "type": "zip",
                "url": "https://api.github.com/repos/top-think/think-cache/zipball/f7f2cb46270cc1951bb847ae756af11763e83d5e",
                "reference": "f7f2cb46270cc1951bb847ae756af11763e83d5e",
                "shasum": ""
            },
            "require": {
                "php": ">=5.6.0"
            },
            "type": "library",
            "autoload": {
                "psr-4": {
                    "think\\": "src"
                },
                "files": []
            },
            "notification-url": "https://packagist.org/downloads/",
            "license": [
                "Apache-2.0"
            ],
            "authors": [
                {
                    "name": "liu21st",
                    "email": "liu21st@gmail.com"
                }
            ],
            "description": "Cache Manager",
            "time": "2018-03-20T08:15:54+00:00"
        }
    ],
    "packages-dev": [],
    "aliases": [],
    "minimum-stability": "stable",
    "stability-flags": [],
    "prefer-stable": false,
    "prefer-lowest": false,
    "platform": {
        "ext-curl": "*",
        "ext-json": "*",
        "ext-iconv": "*"
    },
    "platform-dev": []
}
